// !$*UTF8*$!
{
	archiveVersion = 1;
	classes = {
	};
	objectVersion = 46;
	objects = {

/* Begin PBXBuildFile section */
		7C0CD7A51F608FCC00A8741C /* CalculatorBrain.swift in Sources */ = {isa = PBXBuildFile; fileRef = 7C0CD7A41F608FCC00A8741C /* CalculatorBrain.swift */; };
		7CA1802E1F5A00EB002A842F /* AppDelegate.swift in Sources */ = {isa = PBXBuildFile; fileRef = 7CA1802D1F5A00EB002A842F /* AppDelegate.swift */; };
		7CA180301F5A00EB002A842F /* ViewController.swift in Sources */ = {isa = PBXBuildFile; fileRef = 7CA1802F1F5A00EB002A842F /* ViewController.swift */; };
		7CA180331F5A00EB002A842F /* Main.storyboard in Resources */ = {isa = PBXBuildFile; fileRef = 7CA180311F5A00EB002A842F /* Main.storyboard */; };
		7CA180351F5A00EB002A842F /* Assets.xcassets in Resources */ = {isa = PBXBuildFile; fileRef = 7CA180341F5A00EB002A842F /* Assets.xcassets */; };
		7CA180381F5A00EB002A842F /* LaunchScreen.storyboard in Resources */ = {isa = PBXBuildFile; fileRef = 7CA180361F5A00EB002A842F /* LaunchScreen.storyboard */; };
/* End PBXBuildFile section */

/* Begin PBXFileReference section */
		7C0CD7A41F608FCC00A8741C /* CalculatorBrain.swift */ = {isa = PBXFileReference; fileEncoding = 4; lastKnownFileType = sourcecode.swift; name = CalculatorBrain.swift; path = ../CalculatorBrain.swift; sourceTree = "<group>"; };
		7CA1802A1F5A00EB002A842F /* Caluclator.app */ = {isa = PBXFileReference; explicitFileType = wrapper.application; includeInIndex = 0; path = Caluclator.app; sourceTree = BUILT_PRODUCTS_DIR; };
		7CA1802D1F5A00EB002A842F /* AppDelegate.swift */ = {isa = PBXFileReference; lastKnownFileType = sourcecode.swift; path = AppDelegate.swift; sourceTree = "<group>"; };
		7CA1802F1F5A00EB002A842F /* ViewController.swift */ = {isa = PBXFileReference; lastKnownFileType = sourcecode.swift; path = ViewController.swift; sourceTree = "<group>"; };
		7CA180321F5A00EB002A842F /* Base */ = {isa = PBXFileReference; lastKnownFileType = file.storyboard; name = Base; path = Base.lproj/Main.storyboard; sourceTree = "<group>"; };
		7CA180341F5A00EB002A842F /* Assets.xcassets */ = {isa = PBXFileReference; lastKnownFileType = folder.assetcatalog; path = Assets.xcassets; sourceTree = "<group>"; };
		7CA180371F5A00EB002A842F /* Base */ = {isa = PBXFileReference; lastKnownFileType = file.storyboard; name = Base; path = Base.lproj/LaunchScreen.storyboard; sourceTree = "<group>"; };
		7CA180391F5A00EB002A842F /* Info.plist */ = {isa = PBXFileReference; lastKnownFileType = text.plist.xml; path = Info.plist; sourceTree = "<group>"; };
/* End PBXFileReference section */

/* Begin PBXFrameworksBuildPhase section */
		7CA180271F5A00EB002A842F /* Frameworks */ = {
			isa = PBXFrameworksBuildPhase;
			buildActionMask = 2147483647;
			files = (
			);
			runOnlyForDeploymentPostprocessing = 0;
		};
/* End PBXFrameworksBuildPhase section */

/* Begin PBXGroup section */
		7CA180211F5A00EB002A842F = {
			isa = PBXGroup;
			children = (
				7CA1802C1F5A00EB002A842F /* Caluclator */,
				7CA1802B1F5A00EB002A842F /* Products */,
			);
			sourceTree = "<group>";
		};
		7CA1802B1F5A00EB002A842F /* Products */ = {
			isa = PBXGroup;
			children = (
				7CA1802A1F5A00EB002A842F /* Caluclator.app */,
			);
			name = Products;
			sourceTree = "<group>";
		};
		7CA1802C1F5A00EB002A842F /* Caluclator */ = {
			isa = PBXGroup;
			children = (
				7CA180401F5A0147002A842F /* Suppoting Files  */,
				7CA1802F1F5A00EB002A842F /* ViewController.swift */,
				7CA180311F5A00EB002A842F /* Main.storyboard */,
				7C0CD7A41F608FCC00A8741C /* CalculatorBrain.swift */,
			);
			path = Caluclator;
			sourceTree = "<group>";
		};
		7CA180401F5A0147002A842F /* Suppoting Files  */ = {
			isa = PBXGroup;
			children = (
				7CA1802D1F5A00EB002A842F /* AppDelegate.swift */,
				7CA180341F5A00EB002A842F /* Assets.xcassets */,
				7CA180391F5A00EB002A842F /* Info.plist */,
				7CA180361F5A00EB002A842F /* LaunchScreen.storyboard */,
			);
			name = "Suppoting Files ";
			sourceTree = "<group>";
		};
/* End PBXGroup section */

/* Begin PBXNativeTarget section */
		7CA180291F5A00EB002A842F /* Caluclator */ = {
			isa = PBXNativeTarget;
			buildConfigurationList = 7CA1803C1F5A00EB002A842F /* Build configuration list for PBXNativeTarget "Caluclator" */;
			buildPhases = (
				7CA180261F5A00EB002A842F /* Sources */,
				7CA180271F5A00EB002A842F /* Frameworks */,
				7CA180281F5A00EB002A842F /* Resources */,
			);
			buildRules = (
			);
			dependencies = (
			);
			name = Caluclator;
			productName = Caluclator;
			productReference = 7CA1802A1F5A00EB002A842F /* Caluclator.app */;
			productType = "com.apple.product-type.application";
		};
/* End PBXNativeTarget section */

/* Begin PBXProject section */
		7CA180221F5A00EB002A842F /* Project object */ = {
			isa = PBXProject;
			attributes = {
				LastSwiftUpdateCheck = 0830;
				LastUpgradeCheck = 0900;
				ORGANIZATIONNAME = "Donelys Familia";
				TargetAttributes = {
					7CA180291F5A00EB002A842F = {
						CreatedOnToolsVersion = 8.3.3;
						LastSwiftMigration = 0900;
						ProvisioningStyle = Automatic;
					};
				};
			};
			buildConfigurationList = 7CA180251F5A00EB002A842F /* Build configuration list for PBXProject "Caluclator" */;
			compatibilityVersion = "Xcode 3.2";
			developmentRegion = English;
			hasScannedForEncodings = 0;
			knownRegions = (
				en,
				Base,
			);
			mainGroup = 7CA180211F5A00EB002A842F;
			productRefGroup = 7CA1802B1F5A00EB002A842F /* Products */;
			projectDirPath = "";
			projectRoot = "";
			targets = (
				7CA180291F5A00EB002A842F /* Caluclator */,
			);
		};
/* End PBXProject section */

/* Begin PBXResourcesBuildPhase section */
		7CA180281F5A00EB002A842F /* Resources */ = {
			isa = PBXResourcesBuildPhase;
			buildActionMask = 2147483647;
			files = (
				7CA180381F5A00EB002A842F /* LaunchScreen.storyboard in Resources */,
				7CA180351F5A00EB002A842F /* Assets.xcassets in Resources */,
				7CA180331F5A00EB002A842F /* Main.storyboard in Resources */,
			);
			runOnlyForDeploymentPostprocessing = 0;
		};
/* End PBXResourcesBuildPhase section */

/* Begin PBXSourcesBuildPhase section */
		7CA180261F5A00EB002A842F /* Sources */ = {
			isa = PBXSourcesBuildPhase;
			buildActionMask = 2147483647;
			files = (
				7C0CD7A51F608FCC00A8741C /* CalculatorBrain.swift in Sources */,
				7CA180301F5A00EB002A842F /* ViewController.swift in Sources */,
				7CA1802E1F5A00EB002A842F /* AppDelegate.swift in Sources */,
			);
			runOnlyForDeploymentPostprocessing = 0;
		};
/* End PBXSourcesBuildPhase section */

/* Begin PBXVariantGroup section */
		7CA180311F5A00EB002A842F /* Main.storyboard */ = {
			isa = PBXVariantGroup;
			children = (
				7CA180321F5A00EB002A842F /* Base */,
			);
			name = Main.storyboard;
			sourceTree = "<group>";
		};
		7CA180361F5A00EB002A842F /* LaunchScreen.storyboard */ = {
			isa = PBXVariantGroup;
			children = (
				7CA180371F5A00EB002A842F /* Base */,
			);
			name = LaunchScreen.storyboard;
			sourceTree = "<group>";
		};
/* End PBXVariantGroup section */

/* Begin XCBuildConfiguration section */
		7CA1803A1F5A00EB002A842F /* Debug */ = {
			isa = XCBuildConfiguration;
			buildSettings = {
				ALWAYS_SEARCH_USER_PATHS = NO;
				CLANG_ANALYZER_NONNULL = YES;
				CLANG_ANALYZER_NUMBER_OBJECT_CONVERSION = YES_AGGRESSIVE;
				CLANG_CXX_LANGUAGE_STANDARD = "gnu++0x";
				CLANG_CXX_LIBRARY = "libc++";
				CLANG_ENABLE_MODULES = YES;
				CLANG_ENABLE_OBJC_ARC = YES;
				CLANG_WARN_BLOCK_CAPTURE_AUTORELEASING = YES;
				CLANG_WARN_BOOL_CONVERSION = YES;
				CLANG_WARN_COMMA = YES;
				CLANG_WARN_CONSTANT_CONVERSION = YES;
				CLANG_WARN_DIRECT_OBJC_ISA_USAGE = YES_ERROR;
				CLANG_WARN_DOCUMENTATION_COMMENTS = YES;
				CLANG_WARN_EMPTY_BODY = YES;
				CLANG_WARN_ENUM_CONVERSION = YES;
				CLANG_WARN_INFINITE_RECURSION = YES;
				CLANG_WARN_INT_CONVERSION = YES;
				CLANG_WARN_NON_LITERAL_NULL_CONVERSION = YES;
				CLANG_WARN_OBJC_LITERAL_CONVERSION = YES;
				CLANG_WARN_OBJC_ROOT_CLASS = YES_ERROR;
				CLANG_WARN_RANGE_LOOP_ANALYSIS = YES;
				CLANG_WARN_STRICT_PROTOTYPES = YES;
				CLANG_WARN_SUSPICIOUS_MOVE = YES;
				CLANG_WARN_UNREACHABLE_CODE = YES;
				CLANG_WARN__DUPLICATE_METHOD_MATCH = YES;
				"CODE_SIGN_IDENTITY[sdk=iphoneos*]" = "iPhone Developer";
				COPY_PHASE_STRIP = NO;
				DEBUG_INFORMATION_FORMAT = dwarf;
				ENABLE_STRICT_OBJC_MSGSEND = YES;
				ENABLE_TESTABILITY = YES;
				GCC_C_LANGUAGE_STANDARD = gnu99;
				GCC_DYNAMIC_NO_PIC = NO;
				GCC_NO_COMMON_BLOCKS = YES;
				GCC_OPTIMIZATION_LEVEL = 0;
				GCC_PREPROCESSOR_DEFINITIONS = (
					"DEBUG=1",
					"$(inherited)",
				);
				GCC_WARN_64_TO_32_BIT_CONVERSION = YES;
				GCC_WARN_ABOUT_RETURN_TYPE = YES_ERROR;
				GCC_WARN_UNDECLARED_SELECTOR = YES;
				GCC_WARN_UNINITIALIZED_AUTOS = YES_AGGRESSIVE;
				GCC_WARN_UNUSED_FUNCTION = YES;
				GCC_WARN_UNUSED_VARIABLE = YES;
				IPHONEOS_DEPLOYMENT_TARGET = 10.3;
				MTL_ENABLE_DEBUG_INFO = YES;
				ONLY_ACTIVE_ARCH = YES;
				SDKROOT = iphoneos;
				SWIFT_ACTIVE_COMPILATION_CONDITIONS = DEBUG;
				SWIFT_OPTIMIZATION_LEVEL = "-Onone";
				TARGETED_DEVICE_FAMILY = "1,2";
			};
			name = Debug;
		};
		7CA1803B1F5A00EB002A842F /* Release */ = {
			isa = XCBuildConfiguration;
			buildSettings = {
				ALWAYS_SEARCH_USER_PATHS = NO;
				CLANG_ANALYZER_NONNULL = YES;
				CLANG_ANALYZER_NUMBER_OBJECT_CONVERSION = YES_AGGRESSIVE;
				CLANG_CXX_LANGUAGE_STANDARD = "gnu++0x";
				CLANG_CXX_LIBRARY = "libc++";
				CLANG_ENABLE_MODULES = YES;
				CLANG_ENABLE_OBJC_ARC = YES;
				CLANG_WARN_BLOCK_CAPTURE_AUTORELEASING = YES;
				CLANG_WARN_BOOL_CONVERSION = YES;
				CLANG_WARN_COMMA = YES;
				CLANG_WARN_CONSTANT_CONVERSION = YES;
				CLANG_WARN_DIRECT_OBJC_ISA_USAGE = YES_ERROR;
				CLANG_WARN_DOCUMENTATION_COMMENTS = YES;
				CLANG_WARN_EMPTY_BODY = YES;
				CLANG_WARN_ENUM_CONVERSION = YES;
				CLANG_WARN_INFINITE_RECURSION = YES;
				CLANG_WARN_INT_CONVERSION = YES;
				CLANG_WARN_NON_LITERAL_NULL_CONVERSION = YES;
				CLANG_WARN_OBJC_LITERAL_CONVERSION = YES;
				CLANG_WARN_OBJC_ROOT_CLASS = YES_ERROR;
				CLANG_WARN_RANGE_LOOP_ANALYSIS = YES;
				CLANG_WARN_STRICT_PROTOTYPES = YES;
				CLANG_WARN_SUSPICIOUS_MOVE = YES;
				CLANG_WARN_UNREACHABLE_CODE = YES;
				CLANG_WARN__DUPLICATE_METHOD_MATCH = YES;
				"CODE_SIGN_IDENTITY[sdk=iphoneos*]" = "iPhone Developer";
				COPY_PHASE_STRIP = NO;
				DEBUG_INFORMATION_FORMAT = "dwarf-with-dsym";
				ENABLE_NS_ASSERTIONS = NO;
				ENABLE_STRICT_OBJC_MSGSEND = YES;
				GCC_C_LANGUAGE_STANDARD = gnu99;
				GCC_NO_COMMON_BLOCKS = YES;
				GCC_WARN_64_TO_32_BIT_CONVERSION = YES;
				GCC_WARN_ABOUT_RETURN_TYPE = YES_ERROR;
				GCC_WARN_UNDECLARED_SELECTOR = YES;
				GCC_WARN_UNINITIALIZED_AUTOS = YES_AGGRESSIVE;
				GCC_WARN_UNUSED_FUNCTION = YES;
				GCC_WARN_UNUSED_VARIABLE = YES;
				IPHONEOS_DEPLOYMENT_TARGET = 10.3;
				MTL_ENABLE_DEBUG_INFO = NO;
				SDKROOT = iphoneos;
				SWIFT_OPTIMIZATION_LEVEL = "-Owholemodule";
				TARGETED_DEVICE_FAMILY = "1,2";
				VALIDATE_PRODUCT = YES;
			};
			name = Release;
		};
		7CA1803D1F5A00EB002A842F /* Debug */ = {
			isa = XCBuildConfiguration;
			buildSettings = {
				ASSETCATALOG_COMPILER_APPICON_NAME = AppIcon;
				INFOPLIST_FILE = Caluclator/Info.plist;
				LD_RUNPATH_SEARCH_PATHS = "$(inherited) @executable_path/Frameworks";
				PRODUCT_BUNDLE_IDENTIFIER = cuny.lehman.cmp468.DonelysFamilia.Caluclator;
				PRODUCT_NAME = "$(TARGET_NAME)";
				SWIFT_SWIFT3_OBJC_INFERENCE = On;
				SWIFT_VERSION = 4.0;
			};
			name = Debug;
		};
		7CA1803E1F5A00EB002A842F /* Release */ = {
			isa = XCBuildConfiguration;
			buildSettings = {
				ASSETCATALOG_COMPILER_APPICON_NAME = AppIcon;
				INFOPLIST_FILE = Caluclator/Info.plist;
				LD_RUNPATH_SEARCH_PATHS = "$(inherited) @executable_path/Frameworks";
				PRODUCT_BUNDLE_IDENTIFIER = cuny.lehman.cmp468.DonelysFamilia.Caluclator;
				PRODUCT_NAME = "$(TARGET_NAME)";
				SWIFT_SWIFT3_OBJC_INFERENCE = On;
				SWIFT_VERSION = 4.0;
			};
			name = Release;
		};
/* End XCBuildConfiguration section */

/* Begin XCConfigurationList section */
		7CA180251F5A00EB002A842F /* Build configuration list for PBXProject "Caluclator" */ = {
			isa = XCConfigurationList;
			buildConfigurations = (
				7CA1803A1F5A00EB002A842F /* Debug */,
				7CA1803B1F5A00EB002A842F /* Release */,
			);
			defaultConfigurationIsVisible = 0;
			defaultConfigurationName = Release;
		};
		7CA1803C1F5A00EB002A842F /* Build configuration list for PBXNativeTarget "Caluclator" */ = {
			isa = XCConfigurationList;
			buildConfigurations = (
				7CA1803D1F5A00EB002A842F /* Debug */,
				7CA1803E1F5A00EB002A842F /* Release */,
			);
			defaultConfigurationIsVisible = 0;
			defaultConfigurationName = Release;
		};
/* End XCConfigurationList section */
	};
	rootObject = 7CA180221F5A00EB002A842F /* Project object */;
}
